
Microsoft Visual Studio Solution File, Format Version 12.00
# Visual Studio Version 17
VisualStudioVersion = 17.4.33403.182
MinimumVisualStudioVersion = 10.0.40219.1
Project("{FAE04EC0-301F-11D3-BF4B-00C04F79EFBC}") = "WebApplication1", "WebApplication1\WebApplication1.csproj", "{D97AA685-ECB4-4FEB-A023-BF99B3708634}"
EndProject
Global
	GlobalSection(SolutionConfigurationPlatforms) = preSolution
		Debug|Any CPU = Debug|Any CPU
		Release|Any CPU = Release|Any CPU
	EndGlobalSection
	GlobalSection(ProjectConfigurationPlatforms) = postSolution
		{D97AA685-ECB4-4FEB-A023-BF99B3708634}.Debug|Any CPU.ActiveCfg = Debug|Any CPU
		{D97AA685-ECB4-4FEB-A023-BF99B3708634}.Debug|Any CPU.Build.0 = Debug|Any CPU
		{D97AA685-ECB4-4FEB-A023-BF99B3708634}.Release|Any CPU.ActiveCfg = Release|Any CPU
		{D97AA685-ECB4-4FEB-A023-BF99B3708634}.Release|Any CPU.Build.0 = Release|Any CPU
	EndGlobalSection
	GlobalSection(SolutionProperties) = preSolution
		HideSolutionNode = FALSE
	EndGlobalSection
	GlobalSection(ExtensibilityGlobals) = postSolution
		SolutionGuid = {098AA5CA-06AD-40BE-B642-B48D7FEB2F7B}
	EndGlobalSection
EndGlobal
